lockfileVersion: '9.0'

settings:
  autoInstallPeers: false
  excludeLinksFromLockfile: false

importers:

  .:
    dependencies:
      '@mstar-harness/dsh':
        specifier: link:/Users/bibi/workspace/ai/mstar-workflow/.worktrees/mstar-workflow-workflow-viz/packages/dsh
        version: link:../../../../.worktrees/mstar-workflow-workflow-viz/packages/dsh
